
Microsoft Visual Studio Solution File, Format Version 12.00
# Visual Studio Version 17
VisualStudioVersion = 17.11.35312.102
MinimumVisualStudioVersion = 10.0.40219.1
Project("{9A19103F-16F7-4668-BE54-9A1E7A4F7556}") = "CodeAgenda.Domain", "CodeAgenda.App\CodeAgenda.Domain.csproj", "{7DE1E227-177F-43FA-87F1-A19F4CC10490}"
EndProject
Project("{9A19103F-16F7-4668-BE54-9A1E7A4F7556}") = "CodeAgenda.DataAccess", "CodeAgenda.DataAccess\CodeAgenda.DataAccess.csproj", "{CA069E2C-487B-4073-B584-508150662D6C}"
EndProject
Project("{9A19103F-16F7-4668-BE54-9A1E7A4F7556}") = "CodeAgenda.ConsoleApp", "CodeAgenda.ConsoleApp\CodeAgenda.ConsoleApp.csproj", "{4D3ED9CA-655D-4CE0-97A7-8066FAB65C8E}"
EndProject
Project("{9A19103F-16F7-4668-BE54-9A1E7A4F7556}") = "CodeAgenda.Contracts", "CodeAgenda.Contracts\CodeAgenda.Contracts.csproj", "{97B04254-5A8F-4E8A-8A05-63E93B703C38}"
EndProject
Project("{9A19103F-16F7-4668-BE54-9A1E7A4F7556}") = "CodeAgenda.DatatAccess.Tests", "CodeAgenda.DatatAccess.Tests\CodeAgenda.DatatAccess.Tests.csproj", "{EE51933D-5D8D-486F-8D8F-F8832F3164E7}"
EndProject
Project("{9A19103F-16F7-4668-BE54-9A1E7A4F7556}") = "CodeAgenda.Web", "CodeAgenda.Web\CodeAgenda.Web.csproj", "{C2F9AD3A-E798-401F-A2E4-18826AAB8C28}"
EndProject
Project("{9A19103F-16F7-4668-BE54-9A1E7A4F7556}") = "CodeAgenda.IOC", "CodeAgend.IOC\CodeAgenda.IOC.csproj", "{53D030E1-0A86-44E9-AE28-EBC82A4527AB}"
EndProject
Project("{9A19103F-16F7-4668-BE54-9A1E7A4F7556}") = "CodeAgenda.DTO", "CodeAgenda.DTO\CodeAgenda.DTO.csproj", "{B0F80EDB-1462-4082-9DC3-6B74FA56D53F}"
EndProject
Project("{9A19103F-16F7-4668-BE54-9A1E7A4F7556}") = "CodeAgenda.Application", "CodeAgenda.Application\CodeAgenda.Application.csproj", "{1E64AD79-35A1-4E02-A415-6B00C4113645}"
EndProject
Project("{9A19103F-16F7-4668-BE54-9A1E7A4F7556}") = "CodeAgenda.Utility", "CodeAgenda.Utility\CodeAgenda.Utility.csproj", "{401E46F4-978D-436A-BE61-18026635F004}"
EndProject
Project("{9A19103F-16F7-4668-BE54-9A1E7A4F7556}") = "CodeAgenda.Services", "CodeAgenda.Servics\CodeAgenda.Services.csproj", "{B347C2D4-644A-4F18-8DC9-AE9CA71FD0D0}"
EndProject
Global
	GlobalSection(SolutionConfigurationPlatforms) = preSolution
		Debug|Any CPU = Debug|Any CPU
		Release|Any CPU = Release|Any CPU
	EndGlobalSection
	GlobalSection(ProjectConfigurationPlatforms) = postSolution
		{7DE1E227-177F-43FA-87F1-A19F4CC10490}.Debug|Any CPU.ActiveCfg = Debug|Any CPU
		{7DE1E227-177F-43FA-87F1-A19F4CC10490}.Debug|Any CPU.Build.0 = Debug|Any CPU
		{7DE1E227-177F-43FA-87F1-A19F4CC10490}.Release|Any CPU.ActiveCfg = Release|Any CPU
		{7DE1E227-177F-43FA-87F1-A19F4CC10490}.Release|Any CPU.Build.0 = Release|Any CPU
		{CA069E2C-487B-4073-B584-508150662D6C}.Debug|Any CPU.ActiveCfg = Debug|Any CPU
		{CA069E2C-487B-4073-B584-508150662D6C}.Debug|Any CPU.Build.0 = Debug|Any CPU
		{CA069E2C-487B-4073-B584-508150662D6C}.Release|Any CPU.ActiveCfg = Release|Any CPU
		{CA069E2C-487B-4073-B584-508150662D6C}.Release|Any CPU.Build.0 = Release|Any CPU
		{4D3ED9CA-655D-4CE0-97A7-8066FAB65C8E}.Debug|Any CPU.ActiveCfg = Debug|Any CPU
		{4D3ED9CA-655D-4CE0-97A7-8066FAB65C8E}.Debug|Any CPU.Build.0 = Debug|Any CPU
		{4D3ED9CA-655D-4CE0-97A7-8066FAB65C8E}.Release|Any CPU.ActiveCfg = Release|Any CPU
		{4D3ED9CA-655D-4CE0-97A7-8066FAB65C8E}.Release|Any CPU.Build.0 = Release|Any CPU
		{97B04254-5A8F-4E8A-8A05-63E93B703C38}.Debug|Any CPU.ActiveCfg = Debug|Any CPU
		{97B04254-5A8F-4E8A-8A05-63E93B703C38}.Debug|Any CPU.Build.0 = Debug|Any CPU
		{97B04254-5A8F-4E8A-8A05-63E93B703C38}.Release|Any CPU.ActiveCfg = Release|Any CPU
		{97B04254-5A8F-4E8A-8A05-63E93B703C38}.Release|Any CPU.Build.0 = Release|Any CPU
		{EE51933D-5D8D-486F-8D8F-F8832F3164E7}.Debug|Any CPU.ActiveCfg = Debug|Any CPU
		{EE51933D-5D8D-486F-8D8F-F8832F3164E7}.Debug|Any CPU.Build.0 = Debug|Any CPU
		{EE51933D-5D8D-486F-8D8F-F8832F3164E7}.Release|Any CPU.ActiveCfg = Release|Any CPU
		{EE51933D-5D8D-486F-8D8F-F8832F3164E7}.Release|Any CPU.Build.0 = Release|Any CPU
		{C2F9AD3A-E798-401F-A2E4-18826AAB8C28}.Debug|Any CPU.ActiveCfg = Debug|Any CPU
		{C2F9AD3A-E798-401F-A2E4-18826AAB8C28}.Debug|Any CPU.Build.0 = Debug|Any CPU
		{C2F9AD3A-E798-401F-A2E4-18826AAB8C28}.Release|Any CPU.ActiveCfg = Release|Any CPU
		{C2F9AD3A-E798-401F-A2E4-18826AAB8C28}.Release|Any CPU.Build.0 = Release|Any CPU
		{53D030E1-0A86-44E9-AE28-EBC82A4527AB}.Debug|Any CPU.ActiveCfg = Debug|Any CPU
		{53D030E1-0A86-44E9-AE28-EBC82A4527AB}.Debug|Any CPU.Build.0 = Debug|Any CPU
		{53D030E1-0A86-44E9-AE28-EBC82A4527AB}.Release|Any CPU.ActiveCfg = Release|Any CPU
		{53D030E1-0A86-44E9-AE28-EBC82A4527AB}.Release|Any CPU.Build.0 = Release|Any CPU
		{B0F80EDB-1462-4082-9DC3-6B74FA56D53F}.Debug|Any CPU.ActiveCfg = Debug|Any CPU
		{B0F80EDB-1462-4082-9DC3-6B74FA56D53F}.Debug|Any CPU.Build.0 = Debug|Any CPU
		{B0F80EDB-1462-4082-9DC3-6B74FA56D53F}.Release|Any CPU.ActiveCfg = Release|Any CPU
		{B0F80EDB-1462-4082-9DC3-6B74FA56D53F}.Release|Any CPU.Build.0 = Release|Any CPU
		{1E64AD79-35A1-4E02-A415-6B00C4113645}.Debug|Any CPU.ActiveCfg = Debug|Any CPU
		{1E64AD79-35A1-4E02-A415-6B00C4113645}.Debug|Any CPU.Build.0 = Debug|Any CPU
		{1E64AD79-35A1-4E02-A415-6B00C4113645}.Release|Any CPU.ActiveCfg = Release|Any CPU
		{1E64AD79-35A1-4E02-A415-6B00C4113645}.Release|Any CPU.Build.0 = Release|Any CPU
		{401E46F4-978D-436A-BE61-18026635F004}.Debug|Any CPU.ActiveCfg = Debug|Any CPU
		{401E46F4-978D-436A-BE61-18026635F004}.Debug|Any CPU.Build.0 = Debug|Any CPU
		{401E46F4-978D-436A-BE61-18026635F004}.Release|Any CPU.ActiveCfg = Release|Any CPU
		{401E46F4-978D-436A-BE61-18026635F004}.Release|Any CPU.Build.0 = Release|Any CPU
		{B347C2D4-644A-4F18-8DC9-AE9CA71FD0D0}.Debug|Any CPU.ActiveCfg = Debug|Any CPU
		{B347C2D4-644A-4F18-8DC9-AE9CA71FD0D0}.Debug|Any CPU.Build.0 = Debug|Any CPU
		{B347C2D4-644A-4F18-8DC9-AE9CA71FD0D0}.Release|Any CPU.ActiveCfg = Release|Any CPU
		{B347C2D4-644A-4F18-8DC9-AE9CA71FD0D0}.Release|Any CPU.Build.0 = Release|Any CPU
	EndGlobalSection
	GlobalSection(SolutionProperties) = preSolution
		HideSolutionNode = FALSE
	EndGlobalSection
	GlobalSection(ExtensibilityGlobals) = postSolution
		SolutionGuid = {DD9012E2-A3D3-45A5-B3C6-3CEB2DC626B6}
	EndGlobalSection
EndGlobal
